// !$*UTF8*$!
{
	archiveVersion = 1;
	classes = {
	};
	objectVersion = 48;
	objects = {

/* Begin PBXBuildFile section */
		5FBF298540822B167AA2B2D8 /* Pods_SampleRx.framework in Frameworks */ = {isa = PBXBuildFile; fileRef = 4AA334DFAF560C8CF07E617E /* Pods_SampleRx.framework */; };
		606ED40B943F749A214E71EA /* Pods_SampleRxTests.framework in Frameworks */ = {isa = PBXBuildFile; fileRef = 26292F95D10B1E19E932E6B6 /* Pods_SampleRxTests.framework */; };
		6461AAE3205390E900739DE2 /* AppDelegate.swift in Sources */ = {isa = PBXBuildFile; fileRef = 6461AAE2205390E900739DE2 /* AppDelegate.swift */; };
		6461AAE5205390E900739DE2 /* ViewController.swift in Sources */ = {isa = PBXBuildFile; fileRef = 6461AAE4205390E900739DE2 /* ViewController.swift */; };
		6461AAE8205390E900739DE2 /* Main.storyboard in Resources */ = {isa = PBXBuildFile; fileRef = 6461AAE6205390E900739DE2 /* Main.storyboard */; };
		6461AAEA205390E900739DE2 /* Assets.xcassets in Resources */ = {isa = PBXBuildFile; fileRef = 6461AAE9205390E900739DE2 /* Assets.xcassets */; };
		6461AAED205390E900739DE2 /* LaunchScreen.storyboard in Resources */ = {isa = PBXBuildFile; fileRef = 6461AAEB205390E900739DE2 /* LaunchScreen.storyboard */; };
		6461AAF8205390E900739DE2 /* SampleRxTests.swift in Sources */ = {isa = PBXBuildFile; fileRef = 6461AAF7205390E900739DE2 /* SampleRxTests.swift */; };
		6461AB03205390E900739DE2 /* SampleRxUITests.swift in Sources */ = {isa = PBXBuildFile; fileRef = 6461AB02205390E900739DE2 /* SampleRxUITests.swift */; };
		8C4DD15092F4E3CFD37B2814 /* Pods_SampleRxUITests.framework in Frameworks */ = {isa = PBXBuildFile; fileRef = 6815F67176A820A4AF957D7D /* Pods_SampleRxUITests.framework */; };
/* End PBXBuildFile section */

/* Begin PBXContainerItemProxy section */
		6461AAF4205390E900739DE2 /* PBXContainerItemProxy */ = {
			isa = PBXContainerItemProxy;
			containerPortal = 6461AAD7205390E900739DE2 /* Project object */;
			proxyType = 1;
			remoteGlobalIDString = 6461AADE205390E900739DE2;
			remoteInfo = SampleRx;
		};
		6461AAFF205390E900739DE2 /* PBXContainerItemProxy */ = {
			isa = PBXContainerItemProxy;
			containerPortal = 6461AAD7205390E900739DE2 /* Project object */;
			proxyType = 1;
			remoteGlobalIDString = 6461AADE205390E900739DE2;
			remoteInfo = SampleRx;
		};
/* End PBXContainerItemProxy section */

/* Begin PBXFileReference section */
		26292F95D10B1E19E932E6B6 /* Pods_SampleRxTests.framework */ = {isa = PBXFileReference; explicitFileType = wrapper.framework; includeInIndex = 0; path = Pods_SampleRxTests.framework; sourceTree = BUILT_PRODUCTS_DIR; };
		2FB2B6D296E60AD55479DBEF /* Pods-SampleRx.release.xcconfig */ = {isa = PBXFileReference; includeInIndex = 1; lastKnownFileType = text.xcconfig; name = "Pods-SampleRx.release.xcconfig"; path = "Pods/Target Support Files/Pods-SampleRx/Pods-SampleRx.release.xcconfig"; sourceTree = "<group>"; };
		42438A32A6A77DDFA540AA33 /* Pods-SampleRxTests.debug.xcconfig */ = {isa = PBXFileReference; includeInIndex = 1; lastKnownFileType = text.xcconfig; name = "Pods-SampleRxTests.debug.xcconfig"; path = "Pods/Target Support Files/Pods-SampleRxTests/Pods-SampleRxTests.debug.xcconfig"; sourceTree = "<group>"; };
		4AA334DFAF560C8CF07E617E /* Pods_SampleRx.framework */ = {isa = PBXFileReference; explicitFileType = wrapper.framework; includeInIndex = 0; path = Pods_SampleRx.framework; sourceTree = BUILT_PRODUCTS_DIR; };
		634E7BEE969E74BBFA05A4E2 /* Pods-SampleRx.debug.xcconfig */ = {isa = PBXFileReference; includeInIndex = 1; lastKnownFileType = text.xcconfig; name = "Pods-SampleRx.debug.xcconfig"; path = "Pods/Target Support Files/Pods-SampleRx/Pods-SampleRx.debug.xcconfig"; sourceTree = "<group>"; };
		6461AADF205390E900739DE2 /* SampleRx.app */ = {isa = PBXFileReference; explicitFileType = wrapper.application; includeInIndex = 0; path = SampleRx.app; sourceTree = BUILT_PRODUCTS_DIR; };
		6461AAE2205390E900739DE2 /* AppDelegate.swift */ = {isa = PBXFileReference; lastKnownFileType = sourcecode.swift; path = AppDelegate.swift; sourceTree = "<group>"; };
		6461AAE4205390E900739DE2 /* ViewController.swift */ = {isa = PBXFileReference; lastKnownFileType = sourcecode.swift; path = ViewController.swift; sourceTree = "<group>"; };
		6461AAE7205390E900739DE2 /* Base */ = {isa = PBXFileReference; lastKnownFileType = file.storyboard; name = Base; path = Base.lproj/Main.storyboard; sourceTree = "<group>"; };
		6461AAE9205390E900739DE2 /* Assets.xcassets */ = {isa = PBXFileReference; lastKnownFileType = folder.assetcatalog; path = Assets.xcassets; sourceTree = "<group>"; };
		6461AAEC205390E900739DE2 /* Base */ = {isa = PBXFileReference; lastKnownFileType = file.storyboard; name = Base; path = Base.lproj/LaunchScreen.storyboard; sourceTree = "<group>"; };
		6461AAEE205390E900739DE2 /* Info.plist */ = {isa = PBXFileReference; lastKnownFileType = text.plist.xml; path = Info.plist; sourceTree = "<group>"; };
		6461AAF3205390E900739DE2 /* SampleRxTests.xctest */ = {isa = PBXFileReference; explicitFileType = wrapper.cfbundle; includeInIndex = 0; path = SampleRxTests.xctest; sourceTree = BUILT_PRODUCTS_DIR; };
		6461AAF7205390E900739DE2 /* SampleRxTests.swift */ = {isa = PBXFileReference; lastKnownFileType = sourcecode.swift; path = SampleRxTests.swift; sourceTree = "<group>"; };
		6461AAF9205390E900739DE2 /* Info.plist */ = {isa = PBXFileReference; lastKnownFileType = text.plist.xml; path = Info.plist; sourceTree = "<group>"; };
		6461AAFE205390E900739DE2 /* SampleRxUITests.xctest */ = {isa = PBXFileReference; explicitFileType = wrapper.cfbundle; includeInIndex = 0; path = SampleRxUITests.xctest; sourceTree = BUILT_PRODUCTS_DIR; };
		6461AB02205390E900739DE2 /* SampleRxUITests.swift */ = {isa = PBXFileReference; lastKnownFileType = sourcecode.swift; path = SampleRxUITests.swift; sourceTree = "<group>"; };
		6461AB04205390E900739DE2 /* Info.plist */ = {isa = PBXFileReference; lastKnownFileType = text.plist.xml; path = Info.plist; sourceTree = "<group>"; };
		649FF30345B8555403CBB5C9 /* Pods-SampleRxUITests.debug.xcconfig */ = {isa = PBXFileReference; includeInIndex = 1; lastKnownFileType = text.xcconfig; name = "Pods-SampleRxUITests.debug.xcconfig"; path = "Pods/Target Support Files/Pods-SampleRxUITests/Pods-SampleRxUITests.debug.xcconfig"; sourceTree = "<group>"; };
		6815F67176A820A4AF957D7D /* Pods_SampleRxUITests.framework */ = {isa = PBXFileReference; explicitFileType = wrapper.framework; includeInIndex = 0; path = Pods_SampleRxUITests.framework; sourceTree = BUILT_PRODUCTS_DIR; };
		A0BE651212F2E2CB42B4410C /* Pods-SampleRxTests.release.xcconfig */ = {isa = PBXFileReference; includeInIndex = 1; lastKnownFileType = text.xcconfig; name = "Pods-SampleRxTests.release.xcconfig"; path = "Pods/Target Support Files/Pods-SampleRxTests/Pods-SampleRxTests.release.xcconfig"; sourceTree = "<group>"; };
		CB6D7386FC2C8BCD8EAABB4D /* Pods-SampleRxUITests.release.xcconfig */ = {isa = PBXFileReference; includeInIndex = 1; lastKnownFileType = text.xcconfig; name = "Pods-SampleRxUITests.release.xcconfig"; path = "Pods/Target Support Files/Pods-SampleRxUITests/Pods-SampleRxUITests.release.xcconfig"; sourceTree = "<group>"; };
/* End PBXFileReference section */

/* Begin PBXFrameworksBuildPhase section */
		6461AADC205390E900739DE2 /* Frameworks */ = {
			isa = PBXFrameworksBuildPhase;
			buildActionMask = 2147483647;
			files = (
				5FBF298540822B167AA2B2D8 /* Pods_SampleRx.framework in Frameworks */,
			);
			runOnlyForDeploymentPostprocessing = 0;
		};
		6461AAF0205390E900739DE2 /* Frameworks */ = {
			isa = PBXFrameworksBuildPhase;
			buildActionMask = 2147483647;
			files = (
				606ED40B943F749A214E71EA /* Pods_SampleRxTests.framework in Frameworks */,
			);
			runOnlyForDeploymentPostprocessing = 0;
		};
		6461AAFB205390E900739DE2 /* Frameworks */ = {
			isa = PBXFrameworksBuildPhase;
			buildActionMask = 2147483647;
			files = (
				8C4DD15092F4E3CFD37B2814 /* Pods_SampleRxUITests.framework in Frameworks */,
			);
			runOnlyForDeploymentPostprocessing = 0;
		};
/* End PBXFrameworksBuildPhase section */

/* Begin PBXGroup section */
		6461AAD6205390E900739DE2 = {
			isa = PBXGroup;
			children = (
				6461AAE1205390E900739DE2 /* SampleRx */,
				6461AAF6205390E900739DE2 /* SampleRxTests */,
				6461AB01205390E900739DE2 /* SampleRxUITests */,
				6461AAE0205390E900739DE2 /* Products */,
				D5800500AC30EDB281973B9E /* Pods */,
				6E45CB31D95A7538573E5328 /* Frameworks */,
			);
			sourceTree = "<group>";
		};
		6461AAE0205390E900739DE2 /* Products */ = {
			isa = PBXGroup;
			children = (
				6461AADF205390E900739DE2 /* SampleRx.app */,
				6461AAF3205390E900739DE2 /* SampleRxTests.xctest */,
				6461AAFE205390E900739DE2 /* SampleRxUITests.xctest */,
			);
			name = Products;
			sourceTree = "<group>";
		};
		6461AAE1205390E900739DE2 /* SampleRx */ = {
			isa = PBXGroup;
			children = (
				6461AAE2205390E900739DE2 /* AppDelegate.swift */,
				6461AAE4205390E900739DE2 /* ViewController.swift */,
				6461AAE6205390E900739DE2 /* Main.storyboard */,
				6461AAE9205390E900739DE2 /* Assets.xcassets */,
				6461AAEB205390E900739DE2 /* LaunchScreen.storyboard */,
				6461AAEE205390E900739DE2 /* Info.plist */,
			);
			path = SampleRx;
			sourceTree = "<group>";
		};
		6461AAF6205390E900739DE2 /* SampleRxTests */ = {
			isa = PBXGroup;
			children = (
				6461AAF7205390E900739DE2 /* SampleRxTests.swift */,
				6461AAF9205390E900739DE2 /* Info.plist */,
			);
			path = SampleRxTests;
			sourceTree = "<group>";
		};
		6461AB01205390E900739DE2 /* SampleRxUITests */ = {
			isa = PBXGroup;
			children = (
				6461AB02205390E900739DE2 /* SampleRxUITests.swift */,
				6461AB04205390E900739DE2 /* Info.plist */,
			);
			path = SampleRxUITests;
			sourceTree = "<group>";
		};
		6E45CB31D95A7538573E5328 /* Frameworks */ = {
			isa = PBXGroup;
			children = (
				4AA334DFAF560C8CF07E617E /* Pods_SampleRx.framework */,
				26292F95D10B1E19E932E6B6 /* Pods_SampleRxTests.framework */,
				6815F67176A820A4AF957D7D /* Pods_SampleRxUITests.framework */,
			);
			name = Frameworks;
			sourceTree = "<group>";
		};
		D5800500AC30EDB281973B9E /* Pods */ = {
			isa = PBXGroup;
			children = (
				634E7BEE969E74BBFA05A4E2 /* Pods-SampleRx.debug.xcconfig */,
				2FB2B6D296E60AD55479DBEF /* Pods-SampleRx.release.xcconfig */,
				42438A32A6A77DDFA540AA33 /* Pods-SampleRxTests.debug.xcconfig */,
				A0BE651212F2E2CB42B4410C /* Pods-SampleRxTests.release.xcconfig */,
				649FF30345B8555403CBB5C9 /* Pods-SampleRxUITests.debug.xcconfig */,
				CB6D7386FC2C8BCD8EAABB4D /* Pods-SampleRxUITests.release.xcconfig */,
			);
			name = Pods;
			sourceTree = "<group>";
		};
/* End PBXGroup section */

/* Begin PBXNativeTarget section */
		6461AADE205390E900739DE2 /* SampleRx */ = {
			isa = PBXNativeTarget;
			buildConfigurationList = 6461AB07205390E900739DE2 /* Build configuration list for PBXNativeTarget "SampleRx" */;
			buildPhases = (
				A65ABB3507CAC7EFA86D862A /* [CP] Check Pods Manifest.lock */,
				6461AADB205390E900739DE2 /* Sources */,
				6461AADC205390E900739DE2 /* Frameworks */,
				6461AADD205390E900739DE2 /* Resources */,
				084046F376C7164AAC48E788 /* [CP] Embed Pods Frameworks */,
				33F3674AFBF1F571340878C7 /* [CP] Copy Pods Resources */,
			);
			buildRules = (
			);
			dependencies = (
			);
			name = SampleRx;
			productName = SampleRx;
			productReference = 6461AADF205390E900739DE2 /* SampleRx.app */;
			productType = "com.apple.product-type.application";
		};
		6461AAF2205390E900739DE2 /* SampleRxTests */ = {
			isa = PBXNativeTarget;
			buildConfigurationList = 6461AB0A205390E900739DE2 /* Build configuration list for PBXNativeTarget "SampleRxTests" */;
			buildPhases = (
				E48EBFED5752BDFF989254C5 /* [CP] Check Pods Manifest.lock */,
				6461AAEF205390E900739DE2 /* Sources */,
				6461AAF0205390E900739DE2 /* Frameworks */,
				6461AAF1205390E900739DE2 /* Resources */,
				B81C00267466564B692D5620 /* [CP] Embed Pods Frameworks */,
				FBCC8610E2D0F3E1A0FC6D00 /* [CP] Copy Pods Resources */,
			);
			buildRules = (
			);
			dependencies = (
				6461AAF5205390E900739DE2 /* PBXTargetDependency */,
			);
			name = SampleRxTests;
			productName = SampleRxTests;
			productReference = 6461AAF3205390E900739DE2 /* SampleRxTests.xctest */;
			productType = "com.apple.product-type.bundle.unit-test";
		};
		6461AAFD205390E900739DE2 /* SampleRxUITests */ = {
			isa = PBXNativeTarget;
			buildConfigurationList = 6461AB0D205390E900739DE2 /* Build configuration list for PBXNativeTarget "SampleRxUITests" */;
			buildPhases = (
				5084A14D485986ACC6A11A31 /* [CP] Check Pods Manifest.lock */,
				6461AAFA205390E900739DE2 /* Sources */,
				6461AAFB205390E900739DE2 /* Frameworks */,
				6461AAFC205390E900739DE2 /* Resources */,
				BF579BF692E1EE459E1E3FE3 /* [CP] Embed Pods Frameworks */,
				9EC3387AB4A537B3A8AB22C7 /* [CP] Copy Pods Resources */,
			);
			buildRules = (
			);
			dependencies = (
				6461AB00205390E900739DE2 /* PBXTargetDependency */,
			);
			name = SampleRxUITests;
			productName = SampleRxUITests;
			productReference = 6461AAFE205390E900739DE2 /* SampleRxUITests.xctest */;
			productType = "com.apple.product-type.bundle.ui-testing";
		};
/* End PBXNativeTarget section */

/* Begin PBXProject section */
		6461AAD7205390E900739DE2 /* Project object */ = {
			isa = PBXProject;
			attributes = {
				LastSwiftUpdateCheck = 0920;
				LastUpgradeCheck = 0920;
				ORGANIZATIONNAME = "Tomoya Matsuyama";
				TargetAttributes = {
					6461AADE205390E900739DE2 = {
						CreatedOnToolsVersion = 9.2;
						ProvisioningStyle = Automatic;
					};
					6461AAF2205390E900739DE2 = {
						CreatedOnToolsVersion = 9.2;
						ProvisioningStyle = Automatic;
						TestTargetID = 6461AADE205390E900739DE2;
					};
					6461AAFD205390E900739DE2 = {
						CreatedOnToolsVersion = 9.2;
						ProvisioningStyle = Automatic;
						TestTargetID = 6461AADE205390E900739DE2;
					};
				};
			};
			buildConfigurationList = 6461AADA205390E900739DE2 /* Build configuration list for PBXProject "SampleRx" */;
			compatibilityVersion = "Xcode 8.0";
			developmentRegion = en;
			hasScannedForEncodings = 0;
			knownRegions = (
				en,
				Base,
			);
			mainGroup = 6461AAD6205390E900739DE2;
			productRefGroup = 6461AAE0205390E900739DE2 /* Products */;
			projectDirPath = "";
			projectRoot = "";
			targets = (
				6461AADE205390E900739DE2 /* SampleRx */,
				6461AAF2205390E900739DE2 /* SampleRxTests */,
				6461AAFD205390E900739DE2 /* SampleRxUITests */,
			);
		};
/* End PBXProject section */

/* Begin PBXResourcesBuildPhase section */
		6461AADD205390E900739DE2 /* Resources */ = {
			isa = PBXResourcesBuildPhase;
			buildActionMask = 2147483647;
			files = (
				6461AAED205390E900739DE2 /* LaunchScreen.storyboard in Resources */,
				6461AAEA205390E900739DE2 /* Assets.xcassets in Resources */,
				6461AAE8205390E900739DE2 /* Main.storyboard in Resources */,
			);
			runOnlyForDeploymentPostprocessing = 0;
		};
		6461AAF1205390E900739DE2 /* Resources */ = {
			isa = PBXResourcesBuildPhase;
			buildActionMask = 2147483647;
			files = (
			);
			runOnlyForDeploymentPostprocessing = 0;
		};
		6461AAFC205390E900739DE2 /* Resources */ = {
			isa = PBXResourcesBuildPhase;
			buildActionMask = 2147483647;
			files = (
			);
			runOnlyForDeploymentPostprocessing = 0;
		};
/* End PBXResourcesBuildPhase section */

/* Begin PBXShellScriptBuildPhase section */
		084046F376C7164AAC48E788 /* [CP] Embed Pods Frameworks */ = {
			isa = PBXShellScriptBuildPhase;
			buildActionMask = 2147483647;
			files = (
			);
			inputPaths = (
				"${SRCROOT}/Pods/Target Support Files/Pods-SampleRx/Pods-SampleRx-frameworks.sh",
				"${BUILT_PRODUCTS_DIR}/RxCocoa/RxCocoa.framework",
				"${BUILT_PRODUCTS_DIR}/RxSwift/RxSwift.framework",
			);
			name = "[CP] Embed Pods Frameworks";
			outputPaths = (
				"${TARGET_BUILD_DIR}/${FRAMEWORKS_FOLDER_PATH}/RxCocoa.framework",
				"${TARGET_BUILD_DIR}/${FRAMEWORKS_FOLDER_PATH}/RxSwift.framework",
			);
			runOnlyForDeploymentPostprocessing = 0;
			shellPath = /bin/sh;
			shellScript = "\"${SRCROOT}/Pods/Target Support Files/Pods-SampleRx/Pods-SampleRx-frameworks.sh\"\n";
			showEnvVarsInLog = 0;
		};
		33F3674AFBF1F571340878C7 /* [CP] Copy Pods Resources */ = {
			isa = PBXShellScriptBuildPhase;
			buildActionMask = 2147483647;
			files = (
			);
			inputPaths = (
			);
			name = "[CP] Copy Pods Resources";
			outputPaths = (
			);
			runOnlyForDeploymentPostprocessing = 0;
			shellPath = /bin/sh;
			shellScript = "\"${SRCROOT}/Pods/Target Support Files/Pods-SampleRx/Pods-SampleRx-resources.sh\"\n";
			showEnvVarsInLog = 0;
		};
		5084A14D485986ACC6A11A31 /* [CP] Check Pods Manifest.lock */ = {
			isa = PBXShellScriptBuildPhase;
			buildActionMask = 2147483647;
			files = (
			);
			inputPaths = (
				"${PODS_PODFILE_DIR_PATH}/Podfile.lock",
				"${PODS_ROOT}/Manifest.lock",
			);
			name = "[CP] Check Pods Manifest.lock";
			outputPaths = (
				"$(DERIVED_FILE_DIR)/Pods-SampleRxUITests-checkManifestLockResult.txt",
			);
			runOnlyForDeploymentPostprocessing = 0;
			shellPath = /bin/sh;
			shellScript = "diff \"${PODS_PODFILE_DIR_PATH}/Podfile.lock\" \"${PODS_ROOT}/Manifest.lock\" > /dev/null\nif [ $? != 0 ] ; then\n    # print error to STDERR\n    echo \"error: The sandbox is not in sync with the Podfile.lock. Run 'pod install' or update your CocoaPods installation.\" >&2\n    exit 1\nfi\n# This output is used by Xcode 'outputs' to avoid re-running this script phase.\necho \"SUCCESS\" > \"${SCRIPT_OUTPUT_FILE_0}\"\n";
			showEnvVarsInLog = 0;
		};
		9EC3387AB4A537B3A8AB22C7 /* [CP] Copy Pods Resources */ = {
			isa = PBXShellScriptBuildPhase;
			buildActionMask = 2147483647;
			files = (
			);
			inputPaths = (
			);
			name = "[CP] Copy Pods Resources";
			outputPaths = (
			);
			runOnlyForDeploymentPostprocessing = 0;
			shellPath = /bin/sh;
			shellScript = "\"${SRCROOT}/Pods/Target Support Files/Pods-SampleRxUITests/Pods-SampleRxUITests-resources.sh\"\n";
			showEnvVarsInLog = 0;
		};
		A65ABB3507CAC7EFA86D862A /* [CP] Check Pods Manifest.lock */ = {
			isa = PBXShellScriptBuildPhase;
			buildActionMask = 2147483647;
			files = (
			);
			inputPaths = (
				"${PODS_PODFILE_DIR_PATH}/Podfile.lock",
				"${PODS_ROOT}/Manifest.lock",
			);
			name = "[CP] Check Pods Manifest.lock";
			outputPaths = (
				"$(DERIVED_FILE_DIR)/Pods-SampleRx-checkManifestLockResult.txt",
			);
			runOnlyForDeploymentPostprocessing = 0;
			shellPath = /bin/sh;
			shellScript = "diff \"${PODS_PODFILE_DIR_PATH}/Podfile.lock\" \"${PODS_ROOT}/Manifest.lock\" > /dev/null\nif [ $? != 0 ] ; then\n    # print error to STDERR\n    echo \"error: The sandbox is not in sync with the Podfile.lock. Run 'pod install' or update your CocoaPods installation.\" >&2\n    exit 1\nfi\n# This output is used by Xcode 'outputs' to avoid re-running this script phase.\necho \"SUCCESS\" > \"${SCRIPT_OUTPUT_FILE_0}\"\n";
			showEnvVarsInLog = 0;
		};
		B81C00267466564B692D5620 /* [CP] Embed Pods Frameworks */ = {
			isa = PBXShellScriptBuildPhase;
			buildActionMask = 2147483647;
			files = (
			);
			inputPaths = (
			);
			name = "[CP] Embed Pods Frameworks";
			outputPaths = (
			);
			runOnlyForDeploymentPostprocessing = 0;
			shellPath = /bin/sh;
			shellScript = "\"${SRCROOT}/Pods/Target Support Files/Pods-SampleRxTests/Pods-SampleRxTests-frameworks.sh\"\n";
			showEnvVarsInLog = 0;
		};
		BF579BF692E1EE459E1E3FE3 /* [CP] Embed Pods Frameworks */ = {
			isa = PBXShellScriptBuildPhase;
			buildActionMask = 2147483647;
			files = (
			);
			inputPaths = (
			);
			name = "[CP] Embed Pods Frameworks";
			outputPaths = (
			);
			runOnlyForDeploymentPostprocessing = 0;
			shellPath = /bin/sh;
			shellScript = "\"${SRCROOT}/Pods/Target Support Files/Pods-SampleRxUITests/Pods-SampleRxUITests-frameworks.sh\"\n";
			showEnvVarsInLog = 0;
		};
		E48EBFED5752BDFF989254C5 /* [CP] Check Pods Manifest.lock */ = {
			isa = PBXShellScriptBuildPhase;
			buildActionMask = 2147483647;
			files = (
			);
			inputPaths = (
				"${PODS_PODFILE_DIR_PATH}/Podfile.lock",
				"${PODS_ROOT}/Manifest.lock",
			);
			name = "[CP] Check Pods Manifest.lock";
			outputPaths = (
				"$(DERIVED_FILE_DIR)/Pods-SampleRxTests-checkManifestLockResult.txt",
			);
			runOnlyForDeploymentPostprocessing = 0;
			shellPath = /bin/sh;
			shellScript = "diff \"${PODS_PODFILE_DIR_PATH}/Podfile.lock\" \"${PODS_ROOT}/Manifest.lock\" > /dev/null\nif [ $? != 0 ] ; then\n    # print error to STDERR\n    echo \"error: The sandbox is not in sync with the Podfile.lock. Run 'pod install' or update your CocoaPods installation.\" >&2\n    exit 1\nfi\n# This output is used by Xcode 'outputs' to avoid re-running this script phase.\necho \"SUCCESS\" > \"${SCRIPT_OUTPUT_FILE_0}\"\n";
			showEnvVarsInLog = 0;
		};
		FBCC8610E2D0F3E1A0FC6D00 /* [CP] Copy Pods Resources */ = {
			isa = PBXShellScriptBuildPhase;
			buildActionMask = 2147483647;
			files = (
			);
			inputPaths = (
			);
			name = "[CP] Copy Pods Resources";
			outputPaths = (
			);
			runOnlyForDeploymentPostprocessing = 0;
			shellPath = /bin/sh;
			shellScript = "\"${SRCROOT}/Pods/Target Support Files/Pods-SampleRxTests/Pods-SampleRxTests-resources.sh\"\n";
			showEnvVarsInLog = 0;
		};
/* End PBXShellScriptBuildPhase section */

/* Begin PBXSourcesBuildPhase section */
		6461AADB205390E900739DE2 /* Sources */ = {
			isa = PBXSourcesBuildPhase;
			buildActionMask = 2147483647;
			files = (
				6461AAE5205390E900739DE2 /* ViewController.swift in Sources */,
				6461AAE3205390E900739DE2 /* AppDelegate.swift in Sources */,
			);
			runOnlyForDeploymentPostprocessing = 0;
		};
		6461AAEF205390E900739DE2 /* Sources */ = {
			isa = PBXSourcesBuildPhase;
			buildActionMask = 2147483647;
			files = (
				6461AAF8205390E900739DE2 /* SampleRxTests.swift in Sources */,
			);
			runOnlyForDeploymentPostprocessing = 0;
		};
		6461AAFA205390E900739DE2 /* Sources */ = {
			isa = PBXSourcesBuildPhase;
			buildActionMask = 2147483647;
			files = (
				6461AB03205390E900739DE2 /* SampleRxUITests.swift in Sources */,
			);
			runOnlyForDeploymentPostprocessing = 0;
		};
/* End PBXSourcesBuildPhase section */

/* Begin PBXTargetDependency section */
		6461AAF5205390E900739DE2 /* PBXTargetDependency */ = {
			isa = PBXTargetDependency;
			target = 6461AADE205390E900739DE2 /* SampleRx */;
			targetProxy = 6461AAF4205390E900739DE2 /* PBXContainerItemProxy */;
		};
		6461AB00205390E900739DE2 /* PBXTargetDependency */ = {
			isa = PBXTargetDependency;
			target = 6461AADE205390E900739DE2 /* SampleRx */;
			targetProxy = 6461AAFF205390E900739DE2 /* PBXContainerItemProxy */;
		};
/* End PBXTargetDependency section */

/* Begin PBXVariantGroup section */
		6461AAE6205390E900739DE2 /* Main.storyboard */ = {
			isa = PBXVariantGroup;
			children = (
				6461AAE7205390E900739DE2 /* Base */,
			);
			name = Main.storyboard;
			sourceTree = "<group>";
		};
		6461AAEB205390E900739DE2 /* LaunchScreen.storyboard */ = {
			isa = PBXVariantGroup;
			children = (
				6461AAEC205390E900739DE2 /* Base */,
			);
			name = LaunchScreen.storyboard;
			sourceTree = "<group>";
		};
/* End PBXVariantGroup section */

/* Begin XCBuildConfiguration section */
		6461AB05205390E900739DE2 /* Debug */ = {
			isa = XCBuildConfiguration;
			buildSettings = {
				ALWAYS_SEARCH_USER_PATHS = NO;
				CLANG_ANALYZER_NONNULL = YES;
				CLANG_ANALYZER_NUMBER_OBJECT_CONVERSION = YES_AGGRESSIVE;
				CLANG_CXX_LANGUAGE_STANDARD = "gnu++14";
				CLANG_CXX_LIBRARY = "libc++";
				CLANG_ENABLE_MODULES = YES;
				CLANG_ENABLE_OBJC_ARC = YES;
				CLANG_WARN_BLOCK_CAPTURE_AUTORELEASING = YES;
				CLANG_WARN_BOOL_CONVERSION = YES;
				CLANG_WARN_COMMA = YES;
				CLANG_WARN_CONSTANT_CONVERSION = YES;
				CLANG_WARN_DIRECT_OBJC_ISA_USAGE = YES_ERROR;
				CLANG_WARN_DOCUMENTATION_COMMENTS = YES;
				CLANG_WARN_EMPTY_BODY = YES;
				CLANG_WARN_ENUM_CONVERSION = YES;
				CLANG_WARN_INFINITE_RECURSION = YES;
				CLANG_WARN_INT_CONVERSION = YES;
				CLANG_WARN_NON_LITERAL_NULL_CONVERSION = YES;
				CLANG_WARN_OBJC_LITERAL_CONVERSION = YES;
				CLANG_WARN_OBJC_ROOT_CLASS = YES_ERROR;
				CLANG_WARN_RANGE_LOOP_ANALYSIS = YES;
				CLANG_WARN_STRICT_PROTOTYPES = YES;
				CLANG_WARN_SUSPICIOUS_MOVE = YES;
				CLANG_WARN_UNGUARDED_AVAILABILITY = YES_AGGRESSIVE;
				CLANG_WARN_UNREACHABLE_CODE = YES;
				CLANG_WARN__DUPLICATE_METHOD_MATCH = YES;
				CODE_SIGN_IDENTITY = "iPhone Developer";
				COPY_PHASE_STRIP = NO;
				DEBUG_INFORMATION_FORMAT = dwarf;
				ENABLE_STRICT_OBJC_MSGSEND = YES;
				ENABLE_TESTABILITY = YES;
				GCC_C_LANGUAGE_STANDARD = gnu11;
				GCC_DYNAMIC_NO_PIC = NO;
				GCC_NO_COMMON_BLOCKS = YES;
				GCC_OPTIMIZATION_LEVEL = 0;
				GCC_PREPROCESSOR_DEFINITIONS = (
					"DEBUG=1",
					"$(inherited)",
				);
				GCC_WARN_64_TO_32_BIT_CONVERSION = YES;
				GCC_WARN_ABOUT_RETURN_TYPE = YES_ERROR;
				GCC_WARN_UNDECLARED_SELECTOR = YES;
				GCC_WARN_UNINITIALIZED_AUTOS = YES_AGGRESSIVE;
				GCC_WARN_UNUSED_FUNCTION = YES;
				GCC_WARN_UNUSED_VARIABLE = YES;
				IPHONEOS_DEPLOYMENT_TARGET = 11.2;
				MTL_ENABLE_DEBUG_INFO = YES;
				ONLY_ACTIVE_ARCH = YES;
				SDKROOT = iphoneos;
				SWIFT_ACTIVE_COMPILATION_CONDITIONS = DEBUG;
				SWIFT_OPTIMIZATION_LEVEL = "-Onone";
			};
			name = Debug;
		};
		6461AB06205390E900739DE2 /* Release */ = {
			isa = XCBuildConfiguration;
			buildSettings = {
				ALWAYS_SEARCH_USER_PATHS = NO;
				CLANG_ANALYZER_NONNULL = YES;
				CLANG_ANALYZER_NUMBER_OBJECT_CONVERSION = YES_AGGRESSIVE;
				CLANG_CXX_LANGUAGE_STANDARD = "gnu++14";
				CLANG_CXX_LIBRARY = "libc++";
				CLANG_ENABLE_MODULES = YES;
				CLANG_ENABLE_OBJC_ARC = YES;
				CLANG_WARN_BLOCK_CAPTURE_AUTORELEASING = YES;
				CLANG_WARN_BOOL_CONVERSION = YES;
				CLANG_WARN_COMMA = YES;
				CLANG_WARN_CONSTANT_CONVERSION = YES;
				CLANG_WARN_DIRECT_OBJC_ISA_USAGE = YES_ERROR;
				CLANG_WARN_DOCUMENTATION_COMMENTS = YES;
				CLANG_WARN_EMPTY_BODY = YES;
				CLANG_WARN_ENUM_CONVERSION = YES;
				CLANG_WARN_INFINITE_RECURSION = YES;
				CLANG_WARN_INT_CONVERSION = YES;
				CLANG_WARN_NON_LITERAL_NULL_CONVERSION = YES;
				CLANG_WARN_OBJC_LITERAL_CONVERSION = YES;
				CLANG_WARN_OBJC_ROOT_CLASS = YES_ERROR;
				CLANG_WARN_RANGE_LOOP_ANALYSIS = YES;
				CLANG_WARN_STRICT_PROTOTYPES = YES;
				CLANG_WARN_SUSPICIOUS_MOVE = YES;
				CLANG_WARN_UNGUARDED_AVAILABILITY = YES_AGGRESSIVE;
				CLANG_WARN_UNREACHABLE_CODE = YES;
				CLANG_WARN__DUPLICATE_METHOD_MATCH = YES;
				CODE_SIGN_IDENTITY = "iPhone Developer";
				COPY_PHASE_STRIP = NO;
				DEBUG_INFORMATION_FORMAT = "dwarf-with-dsym";
				ENABLE_NS_ASSERTIONS = NO;
				ENABLE_STRICT_OBJC_MSGSEND = YES;
				GCC_C_LANGUAGE_STANDARD = gnu11;
				GCC_NO_COMMON_BLOCKS = YES;
				GCC_WARN_64_TO_32_BIT_CONVERSION = YES;
				GCC_WARN_ABOUT_RETURN_TYPE = YES_ERROR;
				GCC_WARN_UNDECLARED_SELECTOR = YES;
				GCC_WARN_UNINITIALIZED_AUTOS = YES_AGGRESSIVE;
				GCC_WARN_UNUSED_FUNCTION = YES;
				GCC_WARN_UNUSED_VARIABLE = YES;
				IPHONEOS_DEPLOYMENT_TARGET = 11.2;
				MTL_ENABLE_DEBUG_INFO = NO;
				SDKROOT = iphoneos;
				SWIFT_OPTIMIZATION_LEVEL = "-Owholemodule";
				VALIDATE_PRODUCT = YES;
			};
			name = Release;
		};
		6461AB08205390E900739DE2 /* Debug */ = {
			isa = XCBuildConfiguration;
			baseConfigurationReference = 634E7BEE969E74BBFA05A4E2 /* Pods-SampleRx.debug.xcconfig */;
			buildSettings = {
				ASSETCATALOG_COMPILER_APPICON_NAME = AppIcon;
				CODE_SIGN_STYLE = Automatic;
				DEVELOPMENT_TEAM = 2JF5KR89B3;
				INFOPLIST_FILE = SampleRx/Info.plist;
				LD_RUNPATH_SEARCH_PATHS = "$(inherited) @executable_path/Frameworks";
				PRODUCT_BUNDLE_IDENTIFIER = Matsuyama.SampleRx;
				PRODUCT_NAME = "$(TARGET_NAME)";
				SWIFT_VERSION = 4.0;
				TARGETED_DEVICE_FAMILY = "1,2";
			};
			name = Debug;
		};
		6461AB09205390E900739DE2 /* Release */ = {
			isa = XCBuildConfiguration;
			baseConfigurationReference = 2FB2B6D296E60AD55479DBEF /* Pods-SampleRx.release.xcconfig */;
			buildSettings = {
				ASSETCATALOG_COMPILER_APPICON_NAME = AppIcon;
				CODE_SIGN_STYLE = Automatic;
				DEVELOPMENT_TEAM = 2JF5KR89B3;
				INFOPLIST_FILE = SampleRx/Info.plist;
				LD_RUNPATH_SEARCH_PATHS = "$(inherited) @executable_path/Frameworks";
				PRODUCT_BUNDLE_IDENTIFIER = Matsuyama.SampleRx;
				PRODUCT_NAME = "$(TARGET_NAME)";
				SWIFT_VERSION = 4.0;
				TARGETED_DEVICE_FAMILY = "1,2";
			};
			name = Release;
		};
		6461AB0B205390E900739DE2 /* Debug */ = {
			isa = XCBuildConfiguration;
			baseConfigurationReference = 42438A32A6A77DDFA540AA33 /* Pods-SampleRxTests.debug.xcconfig */;
			buildSettings = {
				ALWAYS_EMBED_SWIFT_STANDARD_LIBRARIES = YES;
				BUNDLE_LOADER = "$(TEST_HOST)";
				CODE_SIGN_STYLE = Automatic;
				DEVELOPMENT_TEAM = 2JF5KR89B3;
				INFOPLIST_FILE = SampleRxTests/Info.plist;
				LD_RUNPATH_SEARCH_PATHS = "$(inherited) @executable_path/Frameworks @loader_path/Frameworks";
				PRODUCT_BUNDLE_IDENTIFIER = Matsuyama.SampleRxTests;
				PRODUCT_NAME = "$(TARGET_NAME)";
				SWIFT_VERSION = 4.0;
				TARGETED_DEVICE_FAMILY = "1,2";
				TEST_HOST = "$(BUILT_PRODUCTS_DIR)/SampleRx.app/SampleRx";
			};
			name = Debug;
		};
		6461AB0C205390E900739DE2 /* Release */ = {
			isa = XCBuildConfiguration;
			baseConfigurationReference = A0BE651212F2E2CB42B4410C /* Pods-SampleRxTests.release.xcconfig */;
			buildSettings = {
				ALWAYS_EMBED_SWIFT_STANDARD_LIBRARIES = YES;
				BUNDLE_LOADER = "$(TEST_HOST)";
				CODE_SIGN_STYLE = Automatic;
				DEVELOPMENT_TEAM = 2JF5KR89B3;
				INFOPLIST_FILE = SampleRxTests/Info.plist;
				LD_RUNPATH_SEARCH_PATHS = "$(inherited) @executable_path/Frameworks @loader_path/Frameworks";
				PRODUCT_BUNDLE_IDENTIFIER = Matsuyama.SampleRxTests;
				PRODUCT_NAME = "$(TARGET_NAME)";
				SWIFT_VERSION = 4.0;
				TARGETED_DEVICE_FAMILY = "1,2";
				TEST_HOST = "$(BUILT_PRODUCTS_DIR)/SampleRx.app/SampleRx";
			};
			name = Release;
		};
		6461AB0E205390E900739DE2 /* Debug */ = {
			isa = XCBuildConfiguration;
			baseConfigurationReference = 649FF30345B8555403CBB5C9 /* Pods-SampleRxUITests.debug.xcconfig */;
			buildSettings = {
				ALWAYS_EMBED_SWIFT_STANDARD_LIBRARIES = YES;
				CODE_SIGN_STYLE = Automatic;
				DEVELOPMENT_TEAM = 2JF5KR89B3;
				INFOPLIST_FILE = SampleRxUITests/Info.plist;
				LD_RUNPATH_SEARCH_PATHS = "$(inherited) @executable_path/Frameworks @loader_path/Frameworks";
				PRODUCT_BUNDLE_IDENTIFIER = Matsuyama.SampleRxUITests;
				PRODUCT_NAME = "$(TARGET_NAME)";
				SWIFT_VERSION = 4.0;
				TARGETED_DEVICE_FAMILY = "1,2";
				TEST_TARGET_NAME = SampleRx;
			};
			name = Debug;
		};
		6461AB0F205390E900739DE2 /* Release */ = {
			isa = XCBuildConfiguration;
			baseConfigurationReference = CB6D7386FC2C8BCD8EAABB4D /* Pods-SampleRxUITests.release.xcconfig */;
			buildSettings = {
				ALWAYS_EMBED_SWIFT_STANDARD_LIBRARIES = YES;
				CODE_SIGN_STYLE = Automatic;
				DEVELOPMENT_TEAM = 2JF5KR89B3;
				INFOPLIST_FILE = SampleRxUITests/Info.plist;
				LD_RUNPATH_SEARCH_PATHS = "$(inherited) @executable_path/Frameworks @loader_path/Frameworks";
				PRODUCT_BUNDLE_IDENTIFIER = Matsuyama.SampleRxUITests;
				PRODUCT_NAME = "$(TARGET_NAME)";
				SWIFT_VERSION = 4.0;
				TARGETED_DEVICE_FAMILY = "1,2";
				TEST_TARGET_NAME = SampleRx;
			};
			name = Release;
		};
/* End XCBuildConfiguration section */

/* Begin XCConfigurationList section */
		6461AADA205390E900739DE2 /* Build configuration list for PBXProject "SampleRx" */ = {
			isa = XCConfigurationList;
			buildConfigurations = (
				6461AB05205390E900739DE2 /* Debug */,
				6461AB06205390E900739DE2 /* Release */,
			);
			defaultConfigurationIsVisible = 0;
			defaultConfigurationName = Release;
		};
		6461AB07205390E900739DE2 /* Build configuration list for PBXNativeTarget "SampleRx" */ = {
			isa = XCConfigurationList;
			buildConfigurations = (
				6461AB08205390E900739DE2 /* Debug */,
				6461AB09205390E900739DE2 /* Release */,
			);
			defaultConfigurationIsVisible = 0;
			defaultConfigurationName = Release;
		};
		6461AB0A205390E900739DE2 /* Build configuration list for PBXNativeTarget "SampleRxTests" */ = {
			isa = XCConfigurationList;
			buildConfigurations = (
				6461AB0B205390E900739DE2 /* Debug */,
				6461AB0C205390E900739DE2 /* Release */,
			);
			defaultConfigurationIsVisible = 0;
			defaultConfigurationName = Release;
		};
		6461AB0D205390E900739DE2 /* Build configuration list for PBXNativeTarget "SampleRxUITests" */ = {
			isa = XCConfigurationList;
			buildConfigurations = (
				6461AB0E205390E900739DE2 /* Debug */,
				6461AB0F205390E900739DE2 /* Release */,
			);
			defaultConfigurationIsVisible = 0;
			defaultConfigurationName = Release;
		};
/* End XCConfigurationList section */
	};
	rootObject = 6461AAD7205390E900739DE2 /* Project object */;
}
