// !$*UTF8*$!
{
	archiveVersion = 1;
	classes = {
	};
	objectVersion = 48;
	objects = {

/* Begin PBXBuildFile section */
		6461AAE3205390E900739DE2 /* AppDelegate.swift in Sources */ = {isa = PBXBuildFile; fileRef = 6461AAE2205390E900739DE2 /* AppDelegate.swift */; };
		6461AAE5205390E900739DE2 /* ViewController.swift in Sources */ = {isa = PBXBuildFile; fileRef = 6461AAE4205390E900739DE2 /* ViewController.swift */; };
		6461AAE8205390E900739DE2 /* Main.storyboard in Resources */ = {isa = PBXBuildFile; fileRef = 6461AAE6205390E900739DE2 /* Main.storyboard */; };
		6461AAEA205390E900739DE2 /* Assets.xcassets in Resources */ = {isa = PBXBuildFile; fileRef = 6461AAE9205390E900739DE2 /* Assets.xcassets */; };
		6461AAED205390E900739DE2 /* LaunchScreen.storyboard in Resources */ = {isa = PBXBuildFile; fileRef = 6461AAEB205390E900739DE2 /* LaunchScreen.storyboard */; };
		6461AAF8205390E900739DE2 /* SampleRxTests.swift in Sources */ = {isa = PBXBuildFile; fileRef = 6461AAF7205390E900739DE2 /* SampleRxTests.swift */; };
		6461AB03205390E900739DE2 /* SampleRxUITests.swift in Sources */ = {isa = PBXBuildFile; fileRef = 6461AB02205390E900739DE2 /* SampleRxUITests.swift */; };
/* End PBXBuildFile section */

/* Begin PBXContainerItemProxy section */
		6461AAF4205390E900739DE2 /* PBXContainerItemProxy */ = {
			isa = PBXContainerItemProxy;
			containerPortal = 6461AAD7205390E900739DE2 /* Project object */;
			proxyType = 1;
			remoteGlobalIDString = 6461AADE205390E900739DE2;
			remoteInfo = SampleRx;
		};
		6461AAFF205390E900739DE2 /* PBXContainerItemProxy */ = {
			isa = PBXContainerItemProxy;
			containerPortal = 6461AAD7205390E900739DE2 /* Project object */;
			proxyType = 1;
			remoteGlobalIDString = 6461AADE205390E900739DE2;
			remoteInfo = SampleRx;
		};
/* End PBXContainerItemProxy section */

/* Begin PBXFileReference section */
		6461AADF205390E900739DE2 /* SampleRx.app */ = {isa = PBXFileReference; explicitFileType = wrapper.application; includeInIndex = 0; path = SampleRx.app; sourceTree = BUILT_PRODUCTS_DIR; };
		6461AAE2205390E900739DE2 /* AppDelegate.swift */ = {isa = PBXFileReference; lastKnownFileType = sourcecode.swift; path = AppDelegate.swift; sourceTree = "<group>"; };
		6461AAE4205390E900739DE2 /* ViewController.swift */ = {isa = PBXFileReference; lastKnownFileType = sourcecode.swift; path = ViewController.swift; sourceTree = "<group>"; };
		6461AAE7205390E900739DE2 /* Base */ = {isa = PBXFileReference; lastKnownFileType = file.storyboard; name = Base; path = Base.lproj/Main.storyboard; sourceTree = "<group>"; };
		6461AAE9205390E900739DE2 /* Assets.xcassets */ = {isa = PBXFileReference; lastKnownFileType = folder.assetcatalog; path = Assets.xcassets; sourceTree = "<group>"; };
		6461AAEC205390E900739DE2 /* Base */ = {isa = PBXFileReference; lastKnownFileType = file.storyboard; name = Base; path = Base.lproj/LaunchScreen.storyboard; sourceTree = "<group>"; };
		6461AAEE205390E900739DE2 /* Info.plist */ = {isa = PBXFileReference; lastKnownFileType = text.plist.xml; path = Info.plist; sourceTree = "<group>"; };
		6461AAF3205390E900739DE2 /* SampleRxTests.xctest */ = {isa = PBXFileReference; explicitFileType = wrapper.cfbundle; includeInIndex = 0; path = SampleRxTests.xctest; sourceTree = BUILT_PRODUCTS_DIR; };
		6461AAF7205390E900739DE2 /* SampleRxTests.swift */ = {isa = PBXFileReference; lastKnownFileType = sourcecode.swift; path = SampleRxTests.swift; sourceTree = "<group>"; };
		6461AAF9205390E900739DE2 /* Info.plist */ = {isa = PBXFileReference; lastKnownFileType = text.plist.xml; path = Info.plist; sourceTree = "<group>"; };
		6461AAFE205390E900739DE2 /* SampleRxUITests.xctest */ = {isa = PBXFileReference; explicitFileType = wrapper.cfbundle; includeInIndex = 0; path = SampleRxUITests.xctest; sourceTree = BUILT_PRODUCTS_DIR; };
		6461AB02205390E900739DE2 /* SampleRxUITests.swift */ = {isa = PBXFileReference; lastKnownFileType = sourcecode.swift; path = SampleRxUITests.swift; sourceTree = "<group>"; };
		6461AB04205390E900739DE2 /* Info.plist */ = {isa = PBXFileReference; lastKnownFileType = text.plist.xml; path = Info.plist; sourceTree = "<group>"; };
/* End PBXFileReference section */

/* Begin PBXFrameworksBuildPhase section */
		6461AADC205390E900739DE2 /* Frameworks */ = {
			isa = PBXFrameworksBuildPhase;
			buildActionMask = 2147483647;
			files = (
			);
			runOnlyForDeploymentPostprocessing = 0;
		};
		6461AAF0205390E900739DE2 /* Frameworks */ = {
			isa = PBXFrameworksBuildPhase;
			buildActionMask = 2147483647;
			files = (
			);
			runOnlyForDeploymentPostprocessing = 0;
		};
		6461AAFB205390E900739DE2 /* Frameworks */ = {
			isa = PBXFrameworksBuildPhase;
			buildActionMask = 2147483647;
			files = (
			);
			runOnlyForDeploymentPostprocessing = 0;
		};
/* End PBXFrameworksBuildPhase section */

/* Begin PBXGroup section */
		6461AAD6205390E900739DE2 = {
			isa = PBXGroup;
			children = (
				6461AAE1205390E900739DE2 /* SampleRx */,
				6461AAF6205390E900739DE2 /* SampleRxTests */,
				6461AB01205390E900739DE2 /* SampleRxUITests */,
				6461AAE0205390E900739DE2 /* Products */,
			);
			sourceTree = "<group>";
		};
		6461AAE0205390E900739DE2 /* Products */ = {
			isa = PBXGroup;
			children = (
				6461AADF205390E900739DE2 /* SampleRx.app */,
				6461AAF3205390E900739DE2 /* SampleRxTests.xctest */,
				6461AAFE205390E900739DE2 /* SampleRxUITests.xctest */,
			);
			name = Products;
			sourceTree = "<group>";
		};
		6461AAE1205390E900739DE2 /* SampleRx */ = {
			isa = PBXGroup;
			children = (
				6461AAE2205390E900739DE2 /* AppDelegate.swift */,
				6461AAE4205390E900739DE2 /* ViewController.swift */,
				6461AAE6205390E900739DE2 /* Main.storyboard */,
				6461AAE9205390E900739DE2 /* Assets.xcassets */,
				6461AAEB205390E900739DE2 /* LaunchScreen.storyboard */,
				6461AAEE205390E900739DE2 /* Info.plist */,
			);
			path = SampleRx;
			sourceTree = "<group>";
		};
		6461AAF6205390E900739DE2 /* SampleRxTests */ = {
			isa = PBXGroup;
			children = (
				6461AAF7205390E900739DE2 /* SampleRxTests.swift */,
				6461AAF9205390E900739DE2 /* Info.plist */,
			);
			path = SampleRxTests;
			sourceTree = "<group>";
		};
		6461AB01205390E900739DE2 /* SampleRxUITests */ = {
			isa = PBXGroup;
			children = (
				6461AB02205390E900739DE2 /* SampleRxUITests.swift */,
				6461AB04205390E900739DE2 /* Info.plist */,
			);
			path = SampleRxUITests;
			sourceTree = "<group>";
		};
/* End PBXGroup section */

/* Begin PBXNativeTarget section */
		6461AADE205390E900739DE2 /* SampleRx */ = {
			isa = PBXNativeTarget;
			buildConfigurationList = 6461AB07205390E900739DE2 /* Build configuration list for PBXNativeTarget "SampleRx" */;
			buildPhases = (
				6461AADB205390E900739DE2 /* Sources */,
				6461AADC205390E900739DE2 /* Frameworks */,
				6461AADD205390E900739DE2 /* Resources */,
			);
			buildRules = (
			);
			dependencies = (
			);
			name = SampleRx;
			productName = SampleRx;
			productReference = 6461AADF205390E900739DE2 /* SampleRx.app */;
			productType = "com.apple.product-type.application";
		};
		6461AAF2205390E900739DE2 /* SampleRxTests */ = {
			isa = PBXNativeTarget;
			buildConfigurationList = 6461AB0A205390E900739DE2 /* Build configuration list for PBXNativeTarget "SampleRxTests" */;
			buildPhases = (
				6461AAEF205390E900739DE2 /* Sources */,
				6461AAF0205390E900739DE2 /* Frameworks */,
				6461AAF1205390E900739DE2 /* Resources */,
			);
			buildRules = (
			);
			dependencies = (
				6461AAF5205390E900739DE2 /* PBXTargetDependency */,
			);
			name = SampleRxTests;
			productName = SampleRxTests;
			productReference = 6461AAF3205390E900739DE2 /* SampleRxTests.xctest */;
			productType = "com.apple.product-type.bundle.unit-test";
		};
		6461AAFD205390E900739DE2 /* SampleRxUITests */ = {
			isa = PBXNativeTarget;
			buildConfigurationList = 6461AB0D205390E900739DE2 /* Build configuration list for PBXNativeTarget "SampleRxUITests" */;
			buildPhases = (
				6461AAFA205390E900739DE2 /* Sources */,
				6461AAFB205390E900739DE2 /* Frameworks */,
				6461AAFC205390E900739DE2 /* Resources */,
			);
			buildRules = (
			);
			dependencies = (
				6461AB00205390E900739DE2 /* PBXTargetDependency */,
			);
			name = SampleRxUITests;
			productName = SampleRxUITests;
			productReference = 6461AAFE205390E900739DE2 /* SampleRxUITests.xctest */;
			productType = "com.apple.product-type.bundle.ui-testing";
		};
/* End PBXNativeTarget section */

/* Begin PBXProject section */
		6461AAD7205390E900739DE2 /* Project object */ = {
			isa = PBXProject;
			attributes = {
				LastSwiftUpdateCheck = 0920;
				LastUpgradeCheck = 0920;
				ORGANIZATIONNAME = "Tomoya Matsuyama";
				TargetAttributes = {
					6461AADE205390E900739DE2 = {
						CreatedOnToolsVersion = 9.2;
						ProvisioningStyle = Automatic;
					};
					6461AAF2205390E900739DE2 = {
						CreatedOnToolsVersion = 9.2;
						ProvisioningStyle = Automatic;
						TestTargetID = 6461AADE205390E900739DE2;
					};
					6461AAFD205390E900739DE2 = {
						CreatedOnToolsVersion = 9.2;
						ProvisioningStyle = Automatic;
						TestTargetID = 6461AADE205390E900739DE2;
					};
				};
			};
			buildConfigurationList = 6461AADA205390E900739DE2 /* Build configuration list for PBXProject "SampleRx" */;
			compatibilityVersion = "Xcode 8.0";
			developmentRegion = en;
			hasScannedForEncodings = 0;
			knownRegions = (
				en,
				Base,
			);
			mainGroup = 6461AAD6205390E900739DE2;
			productRefGroup = 6461AAE0205390E900739DE2 /* Products */;
			projectDirPath = "";
			projectRoot = "";
			targets = (
				6461AADE205390E900739DE2 /* SampleRx */,
				6461AAF2205390E900739DE2 /* SampleRxTests */,
				6461AAFD205390E900739DE2 /* SampleRxUITests */,
			);
		};
/* End PBXProject section */

/* Begin PBXResourcesBuildPhase section */
		6461AADD205390E900739DE2 /* Resources */ = {
			isa = PBXResourcesBuildPhase;
			buildActionMask = 2147483647;
			files = (
				6461AAED205390E900739DE2 /* LaunchScreen.storyboard in Resources */,
				6461AAEA205390E900739DE2 /* Assets.xcassets in Resources */,
				6461AAE8205390E900739DE2 /* Main.storyboard in Resources */,
			);
			runOnlyForDeploymentPostprocessing = 0;
		};
		6461AAF1205390E900739DE2 /* Resources */ = {
			isa = PBXResourcesBuildPhase;
			buildActionMask = 2147483647;
			files = (
			);
			runOnlyForDeploymentPostprocessing = 0;
		};
		6461AAFC205390E900739DE2 /* Resources */ = {
			isa = PBXResourcesBuildPhase;
			buildActionMask = 2147483647;
			files = (
			);
			runOnlyForDeploymentPostprocessing = 0;
		};
/* End PBXResourcesBuildPhase section */

/* Begin PBXSourcesBuildPhase section */
		6461AADB205390E900739DE2 /* Sources */ = {
			isa = PBXSourcesBuildPhase;
			buildActionMask = 2147483647;
			files = (
				6461AAE5205390E900739DE2 /* ViewController.swift in Sources */,
				6461AAE3205390E900739DE2 /* AppDelegate.swift in Sources */,
			);
			runOnlyForDeploymentPostprocessing = 0;
		};
		6461AAEF205390E900739DE2 /* Sources */ = {
			isa = PBXSourcesBuildPhase;
			buildActionMask = 2147483647;
			files = (
				6461AAF8205390E900739DE2 /* SampleRxTests.swift in Sources */,
			);
			runOnlyForDeploymentPostprocessing = 0;
		};
		6461AAFA205390E900739DE2 /* Sources */ = {
			isa = PBXSourcesBuildPhase;
			buildActionMask = 2147483647;
			files = (
				6461AB03205390E900739DE2 /* SampleRxUITests.swift in Sources */,
			);
			runOnlyForDeploymentPostprocessing = 0;
		};
/* End PBXSourcesBuildPhase section */

/* Begin PBXTargetDependency section */
		6461AAF5205390E900739DE2 /* PBXTargetDependency */ = {
			isa = PBXTargetDependency;
			target = 6461AADE205390E900739DE2 /* SampleRx */;
			targetProxy = 6461AAF4205390E900739DE2 /* PBXContainerItemProxy */;
		};
		6461AB00205390E900739DE2 /* PBXTargetDependency */ = {
			isa = PBXTargetDependency;
			target = 6461AADE205390E900739DE2 /* SampleRx */;
			targetProxy = 6461AAFF205390E900739DE2 /* PBXContainerItemProxy */;
		};
/* End PBXTargetDependency section */

/* Begin PBXVariantGroup section */
		6461AAE6205390E900739DE2 /* Main.storyboard */ = {
			isa = PBXVariantGroup;
			children = (
				6461AAE7205390E900739DE2 /* Base */,
			);
			name = Main.storyboard;
			sourceTree = "<group>";
		};
		6461AAEB205390E900739DE2 /* LaunchScreen.storyboard */ = {
			isa = PBXVariantGroup;
			children = (
				6461AAEC205390E900739DE2 /* Base */,
			);
			name = LaunchScreen.storyboard;
			sourceTree = "<group>";
		};
/* End PBXVariantGroup section */

/* Begin XCBuildConfiguration section */
		6461AB05205390E900739DE2 /* Debug */ = {
			isa = XCBuildConfiguration;
			buildSettings = {
				ALWAYS_SEARCH_USER_PATHS = NO;
				CLANG_ANALYZER_NONNULL = YES;
				CLANG_ANALYZER_NUMBER_OBJECT_CONVERSION = YES_AGGRESSIVE;
				CLANG_CXX_LANGUAGE_STANDARD = "gnu++14";
				CLANG_CXX_LIBRARY = "libc++";
				CLANG_ENABLE_MODULES = YES;
				CLANG_ENABLE_OBJC_ARC = YES;
				CLANG_WARN_BLOCK_CAPTURE_AUTORELEASING = YES;
				CLANG_WARN_BOOL_CONVERSION = YES;
				CLANG_WARN_COMMA = YES;
				CLANG_WARN_CONSTANT_CONVERSION = YES;
				CLANG_WARN_DIRECT_OBJC_ISA_USAGE = YES_ERROR;
				CLANG_WARN_DOCUMENTATION_COMMENTS = YES;
				CLANG_WARN_EMPTY_BODY = YES;
				CLANG_WARN_ENUM_CONVERSION = YES;
				CLANG_WARN_INFINITE_RECURSION = YES;
				CLANG_WARN_INT_CONVERSION = YES;
				CLANG_WARN_NON_LITERAL_NULL_CONVERSION = YES;
				CLANG_WARN_OBJC_LITERAL_CONVERSION = YES;
				CLANG_WARN_OBJC_ROOT_CLASS = YES_ERROR;
				CLANG_WARN_RANGE_LOOP_ANALYSIS = YES;
				CLANG_WARN_STRICT_PROTOTYPES = YES;
				CLANG_WARN_SUSPICIOUS_MOVE = YES;
				CLANG_WARN_UNGUARDED_AVAILABILITY = YES_AGGRESSIVE;
				CLANG_WARN_UNREACHABLE_CODE = YES;
				CLANG_WARN__DUPLICATE_METHOD_MATCH = YES;
				CODE_SIGN_IDENTITY = "iPhone Developer";
				COPY_PHASE_STRIP = NO;
				DEBUG_INFORMATION_FORMAT = dwarf;
				ENABLE_STRICT_OBJC_MSGSEND = YES;
				ENABLE_TESTABILITY = YES;
				GCC_C_LANGUAGE_STANDARD = gnu11;
				GCC_DYNAMIC_NO_PIC = NO;
				GCC_NO_COMMON_BLOCKS = YES;
				GCC_OPTIMIZATION_LEVEL = 0;
				GCC_PREPROCESSOR_DEFINITIONS = (
					"DEBUG=1",
					"$(inherited)",
				);
				GCC_WARN_64_TO_32_BIT_CONVERSION = YES;
				GCC_WARN_ABOUT_RETURN_TYPE = YES_ERROR;
				GCC_WARN_UNDECLARED_SELECTOR = YES;
				GCC_WARN_UNINITIALIZED_AUTOS = YES_AGGRESSIVE;
				GCC_WARN_UNUSED_FUNCTION = YES;
				GCC_WARN_UNUSED_VARIABLE = YES;
				IPHONEOS_DEPLOYMENT_TARGET = 11.2;
				MTL_ENABLE_DEBUG_INFO = YES;
				ONLY_ACTIVE_ARCH = YES;
				SDKROOT = iphoneos;
				SWIFT_ACTIVE_COMPILATION_CONDITIONS = DEBUG;
				SWIFT_OPTIMIZATION_LEVEL = "-Onone";
			};
			name = Debug;
		};
		6461AB06205390E900739DE2 /* Release */ = {
			isa = XCBuildConfiguration;
			buildSettings = {
				ALWAYS_SEARCH_USER_PATHS = NO;
				CLANG_ANALYZER_NONNULL = YES;
				CLANG_ANALYZER_NUMBER_OBJECT_CONVERSION = YES_AGGRESSIVE;
				CLANG_CXX_LANGUAGE_STANDARD = "gnu++14";
				CLANG_CXX_LIBRARY = "libc++";
				CLANG_ENABLE_MODULES = YES;
				CLANG_ENABLE_OBJC_ARC = YES;
				CLANG_WARN_BLOCK_CAPTURE_AUTORELEASING = YES;
				CLANG_WARN_BOOL_CONVERSION = YES;
				CLANG_WARN_COMMA = YES;
				CLANG_WARN_CONSTANT_CONVERSION = YES;
				CLANG_WARN_DIRECT_OBJC_ISA_USAGE = YES_ERROR;
				CLANG_WARN_DOCUMENTATION_COMMENTS = YES;
				CLANG_WARN_EMPTY_BODY = YES;
				CLANG_WARN_ENUM_CONVERSION = YES;
				CLANG_WARN_INFINITE_RECURSION = YES;
				CLANG_WARN_INT_CONVERSION = YES;
				CLANG_WARN_NON_LITERAL_NULL_CONVERSION = YES;
				CLANG_WARN_OBJC_LITERAL_CONVERSION = YES;
				CLANG_WARN_OBJC_ROOT_CLASS = YES_ERROR;
				CLANG_WARN_RANGE_LOOP_ANALYSIS = YES;
				CLANG_WARN_STRICT_PROTOTYPES = YES;
				CLANG_WARN_SUSPICIOUS_MOVE = YES;
				CLANG_WARN_UNGUARDED_AVAILABILITY = YES_AGGRESSIVE;
				CLANG_WARN_UNREACHABLE_CODE = YES;
				CLANG_WARN__DUPLICATE_METHOD_MATCH = YES;
				CODE_SIGN_IDENTITY = "iPhone Developer";
				COPY_PHASE_STRIP = NO;
				DEBUG_INFORMATION_FORMAT = "dwarf-with-dsym";
				ENABLE_NS_ASSERTIONS = NO;
				ENABLE_STRICT_OBJC_MSGSEND = YES;
				GCC_C_LANGUAGE_STANDARD = gnu11;
				GCC_NO_COMMON_BLOCKS = YES;
				GCC_WARN_64_TO_32_BIT_CONVERSION = YES;
				GCC_WARN_ABOUT_RETURN_TYPE = YES_ERROR;
				GCC_WARN_UNDECLARED_SELECTOR = YES;
				GCC_WARN_UNINITIALIZED_AUTOS = YES_AGGRESSIVE;
				GCC_WARN_UNUSED_FUNCTION = YES;
				GCC_WARN_UNUSED_VARIABLE = YES;
				IPHONEOS_DEPLOYMENT_TARGET = 11.2;
				MTL_ENABLE_DEBUG_INFO = NO;
				SDKROOT = iphoneos;
				SWIFT_OPTIMIZATION_LEVEL = "-Owholemodule";
				VALIDATE_PRODUCT = YES;
			};
			name = Release;
		};
		6461AB08205390E900739DE2 /* Debug */ = {
			isa = XCBuildConfiguration;
			buildSettings = {
				ASSETCATALOG_COMPILER_APPICON_NAME = AppIcon;
				CODE_SIGN_STYLE = Automatic;
				DEVELOPMENT_TEAM = 2JF5KR89B3;
				INFOPLIST_FILE = SampleRx/Info.plist;
				LD_RUNPATH_SEARCH_PATHS = "$(inherited) @executable_path/Frameworks";
				PRODUCT_BUNDLE_IDENTIFIER = Matsuyama.SampleRx;
				PRODUCT_NAME = "$(TARGET_NAME)";
				SWIFT_VERSION = 4.0;
				TARGETED_DEVICE_FAMILY = "1,2";
			};
			name = Debug;
		};
		6461AB09205390E900739DE2 /* Release */ = {
			isa = XCBuildConfiguration;
			buildSettings = {
				ASSETCATALOG_COMPILER_APPICON_NAME = AppIcon;
				CODE_SIGN_STYLE = Automatic;
				DEVELOPMENT_TEAM = 2JF5KR89B3;
				INFOPLIST_FILE = SampleRx/Info.plist;
				LD_RUNPATH_SEARCH_PATHS = "$(inherited) @executable_path/Frameworks";
				PRODUCT_BUNDLE_IDENTIFIER = Matsuyama.SampleRx;
				PRODUCT_NAME = "$(TARGET_NAME)";
				SWIFT_VERSION = 4.0;
				TARGETED_DEVICE_FAMILY = "1,2";
			};
			name = Release;
		};
		6461AB0B205390E900739DE2 /* Debug */ = {
			isa = XCBuildConfiguration;
			buildSettings = {
				ALWAYS_EMBED_SWIFT_STANDARD_LIBRARIES = YES;
				BUNDLE_LOADER = "$(TEST_HOST)";
				CODE_SIGN_STYLE = Automatic;
				DEVELOPMENT_TEAM = 2JF5KR89B3;
				INFOPLIST_FILE = SampleRxTests/Info.plist;
				LD_RUNPATH_SEARCH_PATHS = "$(inherited) @executable_path/Frameworks @loader_path/Frameworks";
				PRODUCT_BUNDLE_IDENTIFIER = Matsuyama.SampleRxTests;
				PRODUCT_NAME = "$(TARGET_NAME)";
				SWIFT_VERSION = 4.0;
				TARGETED_DEVICE_FAMILY = "1,2";
				TEST_HOST = "$(BUILT_PRODUCTS_DIR)/SampleRx.app/SampleRx";
			};
			name = Debug;
		};
		6461AB0C205390E900739DE2 /* Release */ = {
			isa = XCBuildConfiguration;
			buildSettings = {
				ALWAYS_EMBED_SWIFT_STANDARD_LIBRARIES = YES;
				BUNDLE_LOADER = "$(TEST_HOST)";
				CODE_SIGN_STYLE = Automatic;
				DEVELOPMENT_TEAM = 2JF5KR89B3;
				INFOPLIST_FILE = SampleRxTests/Info.plist;
				LD_RUNPATH_SEARCH_PATHS = "$(inherited) @executable_path/Frameworks @loader_path/Frameworks";
				PRODUCT_BUNDLE_IDENTIFIER = Matsuyama.SampleRxTests;
				PRODUCT_NAME = "$(TARGET_NAME)";
				SWIFT_VERSION = 4.0;
				TARGETED_DEVICE_FAMILY = "1,2";
				TEST_HOST = "$(BUILT_PRODUCTS_DIR)/SampleRx.app/SampleRx";
			};
			name = Release;
		};
		6461AB0E205390E900739DE2 /* Debug */ = {
			isa = XCBuildConfiguration;
			buildSettings = {
				ALWAYS_EMBED_SWIFT_STANDARD_LIBRARIES = YES;
				CODE_SIGN_STYLE = Automatic;
				DEVELOPMENT_TEAM = 2JF5KR89B3;
				INFOPLIST_FILE = SampleRxUITests/Info.plist;
				LD_RUNPATH_SEARCH_PATHS = "$(inherited) @executable_path/Frameworks @loader_path/Frameworks";
				PRODUCT_BUNDLE_IDENTIFIER = Matsuyama.SampleRxUITests;
				PRODUCT_NAME = "$(TARGET_NAME)";
				SWIFT_VERSION = 4.0;
				TARGETED_DEVICE_FAMILY = "1,2";
				TEST_TARGET_NAME = SampleRx;
			};
			name = Debug;
		};
		6461AB0F205390E900739DE2 /* Release */ = {
			isa = XCBuildConfiguration;
			buildSettings = {
				ALWAYS_EMBED_SWIFT_STANDARD_LIBRARIES = YES;
				CODE_SIGN_STYLE = Automatic;
				DEVELOPMENT_TEAM = 2JF5KR89B3;
				INFOPLIST_FILE = SampleRxUITests/Info.plist;
				LD_RUNPATH_SEARCH_PATHS = "$(inherited) @executable_path/Frameworks @loader_path/Frameworks";
				PRODUCT_BUNDLE_IDENTIFIER = Matsuyama.SampleRxUITests;
				PRODUCT_NAME = "$(TARGET_NAME)";
				SWIFT_VERSION = 4.0;
				TARGETED_DEVICE_FAMILY = "1,2";
				TEST_TARGET_NAME = SampleRx;
			};
			name = Release;
		};
/* End XCBuildConfiguration section */

/* Begin XCConfigurationList section */
		6461AADA205390E900739DE2 /* Build configuration list for PBXProject "SampleRx" */ = {
			isa = XCConfigurationList;
			buildConfigurations = (
				6461AB05205390E900739DE2 /* Debug */,
				6461AB06205390E900739DE2 /* Release */,
			);
			defaultConfigurationIsVisible = 0;
			defaultConfigurationName = Release;
		};
		6461AB07205390E900739DE2 /* Build configuration list for PBXNativeTarget "SampleRx" */ = {
			isa = XCConfigurationList;
			buildConfigurations = (
				6461AB08205390E900739DE2 /* Debug */,
				6461AB09205390E900739DE2 /* Release */,
			);
			defaultConfigurationIsVisible = 0;
			defaultConfigurationName = Release;
		};
		6461AB0A205390E900739DE2 /* Build configuration list for PBXNativeTarget "SampleRxTests" */ = {
			isa = XCConfigurationList;
			buildConfigurations = (
				6461AB0B205390E900739DE2 /* Debug */,
				6461AB0C205390E900739DE2 /* Release */,
			);
			defaultConfigurationIsVisible = 0;
			defaultConfigurationName = Release;
		};
		6461AB0D205390E900739DE2 /* Build configuration list for PBXNativeTarget "SampleRxUITests" */ = {
			isa = XCConfigurationList;
			buildConfigurations = (
				6461AB0E205390E900739DE2 /* Debug */,
				6461AB0F205390E900739DE2 /* Release */,
			);
			defaultConfigurationIsVisible = 0;
			defaultConfigurationName = Release;
		};
/* End XCConfigurationList section */
	};
	rootObject = 6461AAD7205390E900739DE2 /* Project object */;
}
